Microsoft Visual Studio Solution File, Format Version 12.00
# Visual Studio Version 17
VisualStudioVersion = 17.5.2.0
MinimumVisualStudioVersion = 10.0.40219.1
Project("{FAE04EC0-301F-11D3-BF4B-00C04F79EFBC}") = "Ghosts.Pandora", "src\Ghosts.Pandora.csproj", "{D104FA4D-585E-45FE-AA63-E1C059294691}"
EndProject
Global
	GlobalSection(SolutionConfigurationPlatforms) = preSolution
		Debug|Any CPU = Debug|Any CPU
		Release|Any CPU = Release|Any CPU
	EndGlobalSection
	GlobalSection(ProjectConfigurationPlatforms) = postSolution
		{D104FA4D-585E-45FE-AA63-E1C059294691}.Debug|Any CPU.ActiveCfg = Debug|Any CPU
		{D104FA4D-585E-45FE-AA63-E1C059294691}.Debug|Any CPU.Build.0 = Debug|Any CPU
		{D104FA4D-585E-45FE-AA63-E1C059294691}.Release|Any CPU.ActiveCfg = Release|Any CPU
		{D104FA4D-585E-45FE-AA63-E1C059294691}.Release|Any CPU.Build.0 = Release|Any CPU
	EndGlobalSection
	GlobalSection(SolutionProperties) = preSolution
		HideSolutionNode = FALSE
	EndGlobalSection
	GlobalSection(ExtensibilityGlobals) = postSolution
		SolutionGuid = {2F3F9ED1-5939-4151-8749-C82772AD05B6}
	EndGlobalSection
EndGlobal
