<Solution>
    <Project Path="/workspaces/GHOSTS/src/Ghosts.Api/Ghosts.Api.csproj" />
    <Project Path="/workspaces/GHOSTS/src/Ghosts.Animator/Ghosts.Animator.csproj" />
    <Project Path="/workspaces/GHOSTS/src/Ghosts.Domain/Ghosts.Domain.csproj" />
    <Project Path="/workspaces/GHOSTS/src/apphost/Ghosts-AppHost.csproj" />
</Solution>
