Microsoft Visual Studio Solution File, Format Version 12.00
# Visual Studio Version 17
VisualStudioVersion = 17.5.2.0
MinimumVisualStudioVersion = 10.0.40219.1
Project("{2150E333-8FDC-42A3-9474-1A3956D46DE8}") = "src", "src", "{827E0CD3-B72D-47B6-A68D-7590B98EB39B}"
EndProject
Project("{FAE04EC0-301F-11D3-BF4B-00C04F79EFBC}") = "Ghosts.Api", "src\Ghosts.Api\Ghosts.Api.csproj", "{5BC14690-F0A3-16A5-BBB0-87030DD94DF8}"
EndProject
Project("{2150E333-8FDC-42A3-9474-1A3956D46DE8}") = "apphost", "apphost", "{63882A7C-90E5-DEE3-63BB-E6ABDBC8A365}"
EndProject
Project("{FAE04EC0-301F-11D3-BF4B-00C04F79EFBC}") = "Ghosts-AppHost", "src\apphost\Ghosts-AppHost.csproj", "{8DEDCB60-061E-1FA5-60A2-403F6DE4D2FD}"
EndProject
Project("{FAE04EC0-301F-11D3-BF4B-00C04F79EFBC}") = "Ghosts.Animator", "src\Ghosts.Animator\Ghosts.Animator.csproj", "{063D09DD-88A3-CD38-5B61-4B0654F9FA74}"
EndProject
Project("{FAE04EC0-301F-11D3-BF4B-00C04F79EFBC}") = "Ghosts.Domain", "src\Ghosts.Domain\Ghosts.Domain.csproj", "{09F569E1-7DCA-1B20-36A1-5142890A8B72}"
EndProject
Project("{FAE04EC0-301F-11D3-BF4B-00C04F79EFBC}") = "Ghosts.Client.Universal", "src\Ghosts.Client.Universal\Ghosts.Client.Universal.csproj", "{04251F2C-3B13-8DA5-F077-5AB9989C4773}"
EndProject
Project("{2150E333-8FDC-42A3-9474-1A3956D46DE8}") = "Ghosts.Client.Windows", "Ghosts.Client.Windows", "{134870DC-528D-F7C3-A621-FBD8B5C94083}"
EndProject
Project("{FAE04EC0-301F-11D3-BF4B-00C04F79EFBC}") = "Ghosts.Client", "src\Ghosts.Client.Windows\Ghosts.Client.csproj", "{C9B1337B-536B-258A-26BA-EAB945C638A1}"
EndProject
Project("{2150E333-8FDC-42A3-9474-1A3956D46DE8}") = "Ghosts.Client.Lite", "Ghosts.Client.Lite", "{45CCC21E-82D6-E8D8-422B-A0033E196BBA}"
EndProject
Project("{2150E333-8FDC-42A3-9474-1A3956D46DE8}") = "src", "src", "{D9C40A31-7D3B-1BC0-2C22-122E5398EB8C}"
EndProject
Project("{FAE04EC0-301F-11D3-BF4B-00C04F79EFBC}") = "Ghosts.Client.Lite", "src\Ghosts.Client.Lite\src\Ghosts.Client.Lite.csproj", "{D65EE29E-7D67-0312-92DF-622FDED086AB}"
EndProject
Project("{2150E333-8FDC-42A3-9474-1A3956D46DE8}") = "tools", "tools", "{DCB6FCB8-FF92-AC57-0842-1F72A354D6B1}"
EndProject
Project("{FAE04EC0-301F-11D3-BF4B-00C04F79EFBC}") = "ghosts.tools.emailgenerator", "src\tools\ghosts.tools.emailgenerator\ghosts.tools.emailgenerator.csproj", "{585D00C9-5C7C-CF06-7A2F-4AA42FC06948}"
EndProject
Project("{FAE04EC0-301F-11D3-BF4B-00C04F79EFBC}") = "ghosts.tools.loadtestercore", "src\tools\ghosts.tools.loadtestercore\ghosts.tools.loadtestercore.csproj", "{3C9C305E-BC97-C9C1-F118-B8D50AE911AA}"
EndProject
Project("{FAE04EC0-301F-11D3-BF4B-00C04F79EFBC}") = "ghosts.tools.addmachines", "src\tools\ghosts.tools.addmachines\ghosts.tools.addmachines.csproj", "{AB19BCD3-C2E5-B750-9726-A2A2AEFB8DC9}"
EndProject
Project("{2150E333-8FDC-42A3-9474-1A3956D46DE8}") = "Ghosts.Pandora", "Ghosts.Pandora", "{C5933013-663B-440F-A55B-B628F9B21D82}"
EndProject
Project("{2150E333-8FDC-42A3-9474-1A3956D46DE8}") = "src", "src", "{3C9C19D7-FE47-FCA5-92F2-28BF1EA7A251}"
EndProject
Project("{FAE04EC0-301F-11D3-BF4B-00C04F79EFBC}") = "Ghosts.Pandora", "src\Ghosts.Pandora\src\Ghosts.Pandora.csproj", "{9E932995-4185-9E14-04EE-4FA1B6D3A96D}"
EndProject
Global
	GlobalSection(SolutionConfigurationPlatforms) = preSolution
		Debug|Any CPU = Debug|Any CPU
		Release|Any CPU = Release|Any CPU
	EndGlobalSection
	GlobalSection(ProjectConfigurationPlatforms) = postSolution
		{5BC14690-F0A3-16A5-BBB0-87030DD94DF8}.Debug|Any CPU.ActiveCfg = Debug|Any CPU
		{5BC14690-F0A3-16A5-BBB0-87030DD94DF8}.Debug|Any CPU.Build.0 = Debug|Any CPU
		{5BC14690-F0A3-16A5-BBB0-87030DD94DF8}.Release|Any CPU.ActiveCfg = Release|Any CPU
		{5BC14690-F0A3-16A5-BBB0-87030DD94DF8}.Release|Any CPU.Build.0 = Release|Any CPU
		{8DEDCB60-061E-1FA5-60A2-403F6DE4D2FD}.Debug|Any CPU.ActiveCfg = Debug|Any CPU
		{8DEDCB60-061E-1FA5-60A2-403F6DE4D2FD}.Debug|Any CPU.Build.0 = Debug|Any CPU
		{8DEDCB60-061E-1FA5-60A2-403F6DE4D2FD}.Release|Any CPU.ActiveCfg = Release|Any CPU
		{8DEDCB60-061E-1FA5-60A2-403F6DE4D2FD}.Release|Any CPU.Build.0 = Release|Any CPU
		{063D09DD-88A3-CD38-5B61-4B0654F9FA74}.Debug|Any CPU.ActiveCfg = Debug|Any CPU
		{063D09DD-88A3-CD38-5B61-4B0654F9FA74}.Debug|Any CPU.Build.0 = Debug|Any CPU
		{063D09DD-88A3-CD38-5B61-4B0654F9FA74}.Release|Any CPU.ActiveCfg = Release|Any CPU
		{063D09DD-88A3-CD38-5B61-4B0654F9FA74}.Release|Any CPU.Build.0 = Release|Any CPU
		{09F569E1-7DCA-1B20-36A1-5142890A8B72}.Debug|Any CPU.ActiveCfg = Debug|Any CPU
		{09F569E1-7DCA-1B20-36A1-5142890A8B72}.Debug|Any CPU.Build.0 = Debug|Any CPU
		{09F569E1-7DCA-1B20-36A1-5142890A8B72}.Release|Any CPU.ActiveCfg = Release|Any CPU
		{09F569E1-7DCA-1B20-36A1-5142890A8B72}.Release|Any CPU.Build.0 = Release|Any CPU
		{04251F2C-3B13-8DA5-F077-5AB9989C4773}.Debug|Any CPU.ActiveCfg = Debug|Any CPU
		{04251F2C-3B13-8DA5-F077-5AB9989C4773}.Debug|Any CPU.Build.0 = Debug|Any CPU
		{04251F2C-3B13-8DA5-F077-5AB9989C4773}.Release|Any CPU.ActiveCfg = Release|Any CPU
		{04251F2C-3B13-8DA5-F077-5AB9989C4773}.Release|Any CPU.Build.0 = Release|Any CPU
		{C9B1337B-536B-258A-26BA-EAB945C638A1}.Debug|Any CPU.ActiveCfg = Debug|Any CPU
		{C9B1337B-536B-258A-26BA-EAB945C638A1}.Debug|Any CPU.Build.0 = Debug|Any CPU
		{C9B1337B-536B-258A-26BA-EAB945C638A1}.Release|Any CPU.ActiveCfg = Release|Any CPU
		{C9B1337B-536B-258A-26BA-EAB945C638A1}.Release|Any CPU.Build.0 = Release|Any CPU
		{D65EE29E-7D67-0312-92DF-622FDED086AB}.Debug|Any CPU.ActiveCfg = Debug|Any CPU
		{D65EE29E-7D67-0312-92DF-622FDED086AB}.Debug|Any CPU.Build.0 = Debug|Any CPU
		{D65EE29E-7D67-0312-92DF-622FDED086AB}.Release|Any CPU.ActiveCfg = Release|Any CPU
		{D65EE29E-7D67-0312-92DF-622FDED086AB}.Release|Any CPU.Build.0 = Release|Any CPU
		{585D00C9-5C7C-CF06-7A2F-4AA42FC06948}.Debug|Any CPU.ActiveCfg = Debug|Any CPU
		{585D00C9-5C7C-CF06-7A2F-4AA42FC06948}.Debug|Any CPU.Build.0 = Debug|Any CPU
		{585D00C9-5C7C-CF06-7A2F-4AA42FC06948}.Release|Any CPU.ActiveCfg = Release|Any CPU
		{585D00C9-5C7C-CF06-7A2F-4AA42FC06948}.Release|Any CPU.Build.0 = Release|Any CPU
		{3C9C305E-BC97-C9C1-F118-B8D50AE911AA}.Debug|Any CPU.ActiveCfg = Debug|Any CPU
		{3C9C305E-BC97-C9C1-F118-B8D50AE911AA}.Debug|Any CPU.Build.0 = Debug|Any CPU
		{3C9C305E-BC97-C9C1-F118-B8D50AE911AA}.Release|Any CPU.ActiveCfg = Release|Any CPU
		{3C9C305E-BC97-C9C1-F118-B8D50AE911AA}.Release|Any CPU.Build.0 = Release|Any CPU
		{AB19BCD3-C2E5-B750-9726-A2A2AEFB8DC9}.Debug|Any CPU.ActiveCfg = Debug|Any CPU
		{AB19BCD3-C2E5-B750-9726-A2A2AEFB8DC9}.Debug|Any CPU.Build.0 = Debug|Any CPU
		{AB19BCD3-C2E5-B750-9726-A2A2AEFB8DC9}.Release|Any CPU.ActiveCfg = Release|Any CPU
		{AB19BCD3-C2E5-B750-9726-A2A2AEFB8DC9}.Release|Any CPU.Build.0 = Release|Any CPU
		{9E932995-4185-9E14-04EE-4FA1B6D3A96D}.Debug|Any CPU.ActiveCfg = Debug|Any CPU
		{9E932995-4185-9E14-04EE-4FA1B6D3A96D}.Debug|Any CPU.Build.0 = Debug|Any CPU
		{9E932995-4185-9E14-04EE-4FA1B6D3A96D}.Release|Any CPU.ActiveCfg = Release|Any CPU
		{9E932995-4185-9E14-04EE-4FA1B6D3A96D}.Release|Any CPU.Build.0 = Release|Any CPU
	EndGlobalSection
	GlobalSection(SolutionProperties) = preSolution
		HideSolutionNode = FALSE
	EndGlobalSection
	GlobalSection(NestedProjects) = preSolution
		{5BC14690-F0A3-16A5-BBB0-87030DD94DF8} = {827E0CD3-B72D-47B6-A68D-7590B98EB39B}
		{63882A7C-90E5-DEE3-63BB-E6ABDBC8A365} = {827E0CD3-B72D-47B6-A68D-7590B98EB39B}
		{8DEDCB60-061E-1FA5-60A2-403F6DE4D2FD} = {63882A7C-90E5-DEE3-63BB-E6ABDBC8A365}
		{063D09DD-88A3-CD38-5B61-4B0654F9FA74} = {827E0CD3-B72D-47B6-A68D-7590B98EB39B}
		{09F569E1-7DCA-1B20-36A1-5142890A8B72} = {827E0CD3-B72D-47B6-A68D-7590B98EB39B}
		{04251F2C-3B13-8DA5-F077-5AB9989C4773} = {827E0CD3-B72D-47B6-A68D-7590B98EB39B}
		{134870DC-528D-F7C3-A621-FBD8B5C94083} = {827E0CD3-B72D-47B6-A68D-7590B98EB39B}
		{C9B1337B-536B-258A-26BA-EAB945C638A1} = {134870DC-528D-F7C3-A621-FBD8B5C94083}
		{45CCC21E-82D6-E8D8-422B-A0033E196BBA} = {827E0CD3-B72D-47B6-A68D-7590B98EB39B}
		{D9C40A31-7D3B-1BC0-2C22-122E5398EB8C} = {45CCC21E-82D6-E8D8-422B-A0033E196BBA}
		{D65EE29E-7D67-0312-92DF-622FDED086AB} = {D9C40A31-7D3B-1BC0-2C22-122E5398EB8C}
		{DCB6FCB8-FF92-AC57-0842-1F72A354D6B1} = {827E0CD3-B72D-47B6-A68D-7590B98EB39B}
		{585D00C9-5C7C-CF06-7A2F-4AA42FC06948} = {DCB6FCB8-FF92-AC57-0842-1F72A354D6B1}
		{3C9C305E-BC97-C9C1-F118-B8D50AE911AA} = {DCB6FCB8-FF92-AC57-0842-1F72A354D6B1}
		{AB19BCD3-C2E5-B750-9726-A2A2AEFB8DC9} = {DCB6FCB8-FF92-AC57-0842-1F72A354D6B1}
		{C5933013-663B-440F-A55B-B628F9B21D82} = {827E0CD3-B72D-47B6-A68D-7590B98EB39B}
		{3C9C19D7-FE47-FCA5-92F2-28BF1EA7A251} = {C5933013-663B-440F-A55B-B628F9B21D82}
		{9E932995-4185-9E14-04EE-4FA1B6D3A96D} = {3C9C19D7-FE47-FCA5-92F2-28BF1EA7A251}
	EndGlobalSection
	GlobalSection(ExtensibilityGlobals) = postSolution
		SolutionGuid = {20C3FBE3-6798-40FA-A45A-CEE20E4B5DD9}
	EndGlobalSection
EndGlobal
