
Microsoft Visual Studio Solution File, Format Version 12.00
# Visual Studio Version 17
VisualStudioVersion = 17.4.33110.190
MinimumVisualStudioVersion = 10.0.40219.1
Project("{2150E333-8FDC-42A3-9474-1A3956D46DE8}") = "Solution Items", "Solution Items", "{02289109-E536-4BB0-8789-F41BF29B1ADD}"
	ProjectSection(SolutionItems) = preProject
		.gitignore = .gitignore
		LICENSE.md = LICENSE.md
		README.md = README.md
	EndProjectSection
EndProject
Project("{FAE04EC0-301F-11D3-BF4B-00C04F79EFBC}") = "Ghosts.Client", "Ghosts.Client\Ghosts.Client.csproj", "{9B185127-C1A8-479C-B48F-3BC51B97023D}"
EndProject
Project("{9A19103F-16F7-4668-BE54-9A1E7A4F7556}") = "ghosts.domain", "Ghosts.Domain\ghosts.domain.csproj", "{3BCAE63E-7914-4BD3-A751-BF69820FF1BE}"
EndProject
Project("{9A19103F-16F7-4668-BE54-9A1E7A4F7556}") = "ghosts.api", "Ghosts.Api\ghosts.api.csproj", "{D016B25C-5638-4668-BB54-4C5F179426DF}"
EndProject
Project("{9A19103F-16F7-4668-BE54-9A1E7A4F7556}") = "ghosts.tools.addmachines", "Ghosts.tools.addmachines\ghosts.tools.addmachines.csproj", "{264C95F2-1006-45A0-92E3-D069C3B99C20}"
EndProject
Project("{FAE04EC0-301F-11D3-BF4B-00C04F79EFBC}") = "ghosts.tools.emailgenerator", "ghosts.tools.emailgenerator\ghosts.tools.emailgenerator.csproj", "{A9ACCC75-C7BF-4DEE-9E60-19FE9F29CDDA}"
EndProject
Project("{9A19103F-16F7-4668-BE54-9A1E7A4F7556}") = "ghosts.client.linux", "ghosts.client.linux\ghosts.client.linux.csproj", "{63555F6A-0753-4C1F-88DA-D868796EDAEF}"
EndProject
Project("{2150E333-8FDC-42A3-9474-1A3956D46DE8}") = "tools", "tools", "{055F8DB4-0672-4609-A714-495481F55843}"
EndProject
Project("{9A19103F-16F7-4668-BE54-9A1E7A4F7556}") = "ghosts.tools.loadtestercore", "ghosts.tools.loadtestercore\ghosts.tools.loadtestercore.csproj", "{8E828332-DC53-4661-8566-85202BCEB31E}"
EndProject
Global
	GlobalSection(SolutionConfigurationPlatforms) = preSolution
		Debug|Any CPU = Debug|Any CPU
		Debug|x64 = Debug|x64
		Debug|x86 = Debug|x86
		Release|Any CPU = Release|Any CPU
		Release|x64 = Release|x64
		Release|x86 = Release|x86
	EndGlobalSection
	GlobalSection(ProjectConfigurationPlatforms) = postSolution
		{9B185127-C1A8-479C-B48F-3BC51B97023D}.Debug|Any CPU.ActiveCfg = Debug|Any CPU
		{9B185127-C1A8-479C-B48F-3BC51B97023D}.Debug|Any CPU.Build.0 = Debug|Any CPU
		{9B185127-C1A8-479C-B48F-3BC51B97023D}.Debug|x64.ActiveCfg = Debug|x64
		{9B185127-C1A8-479C-B48F-3BC51B97023D}.Debug|x64.Build.0 = Debug|x64
		{9B185127-C1A8-479C-B48F-3BC51B97023D}.Debug|x86.ActiveCfg = Debug|x86
		{9B185127-C1A8-479C-B48F-3BC51B97023D}.Debug|x86.Build.0 = Debug|x86
		{9B185127-C1A8-479C-B48F-3BC51B97023D}.Release|Any CPU.ActiveCfg = Release|Any CPU
		{9B185127-C1A8-479C-B48F-3BC51B97023D}.Release|Any CPU.Build.0 = Release|Any CPU
		{9B185127-C1A8-479C-B48F-3BC51B97023D}.Release|x64.ActiveCfg = Release|x64
		{9B185127-C1A8-479C-B48F-3BC51B97023D}.Release|x64.Build.0 = Release|x64
		{9B185127-C1A8-479C-B48F-3BC51B97023D}.Release|x86.ActiveCfg = Release|x86
		{9B185127-C1A8-479C-B48F-3BC51B97023D}.Release|x86.Build.0 = Release|x86
		{3BCAE63E-7914-4BD3-A751-BF69820FF1BE}.Debug|Any CPU.ActiveCfg = Debug|Any CPU
		{3BCAE63E-7914-4BD3-A751-BF69820FF1BE}.Debug|Any CPU.Build.0 = Debug|Any CPU
		{3BCAE63E-7914-4BD3-A751-BF69820FF1BE}.Debug|x64.ActiveCfg = Debug|x64
		{3BCAE63E-7914-4BD3-A751-BF69820FF1BE}.Debug|x64.Build.0 = Debug|x64
		{3BCAE63E-7914-4BD3-A751-BF69820FF1BE}.Debug|x86.ActiveCfg = Debug|x86
		{3BCAE63E-7914-4BD3-A751-BF69820FF1BE}.Debug|x86.Build.0 = Debug|x86
		{3BCAE63E-7914-4BD3-A751-BF69820FF1BE}.Release|Any CPU.ActiveCfg = Release|Any CPU
		{3BCAE63E-7914-4BD3-A751-BF69820FF1BE}.Release|Any CPU.Build.0 = Release|Any CPU
		{3BCAE63E-7914-4BD3-A751-BF69820FF1BE}.Release|x64.ActiveCfg = Release|Any CPU
		{3BCAE63E-7914-4BD3-A751-BF69820FF1BE}.Release|x64.Build.0 = Release|Any CPU
		{3BCAE63E-7914-4BD3-A751-BF69820FF1BE}.Release|x86.ActiveCfg = Release|x86
		{3BCAE63E-7914-4BD3-A751-BF69820FF1BE}.Release|x86.Build.0 = Release|x86
		{D016B25C-5638-4668-BB54-4C5F179426DF}.Debug|Any CPU.ActiveCfg = Debug|Any CPU
		{D016B25C-5638-4668-BB54-4C5F179426DF}.Debug|Any CPU.Build.0 = Debug|Any CPU
		{D016B25C-5638-4668-BB54-4C5F179426DF}.Debug|x64.ActiveCfg = Debug|x64
		{D016B25C-5638-4668-BB54-4C5F179426DF}.Debug|x64.Build.0 = Debug|x64
		{D016B25C-5638-4668-BB54-4C5F179426DF}.Debug|x86.ActiveCfg = Debug|x86
		{D016B25C-5638-4668-BB54-4C5F179426DF}.Debug|x86.Build.0 = Debug|x86
		{D016B25C-5638-4668-BB54-4C5F179426DF}.Release|Any CPU.ActiveCfg = Release|Any CPU
		{D016B25C-5638-4668-BB54-4C5F179426DF}.Release|Any CPU.Build.0 = Release|Any CPU
		{D016B25C-5638-4668-BB54-4C5F179426DF}.Release|x64.ActiveCfg = Release|Any CPU
		{D016B25C-5638-4668-BB54-4C5F179426DF}.Release|x64.Build.0 = Release|Any CPU
		{D016B25C-5638-4668-BB54-4C5F179426DF}.Release|x86.ActiveCfg = Release|Any CPU
		{D016B25C-5638-4668-BB54-4C5F179426DF}.Release|x86.Build.0 = Release|Any CPU
		{264C95F2-1006-45A0-92E3-D069C3B99C20}.Debug|Any CPU.ActiveCfg = Debug|Any CPU
		{264C95F2-1006-45A0-92E3-D069C3B99C20}.Debug|Any CPU.Build.0 = Debug|Any CPU
		{264C95F2-1006-45A0-92E3-D069C3B99C20}.Debug|x64.ActiveCfg = Debug|x64
		{264C95F2-1006-45A0-92E3-D069C3B99C20}.Debug|x64.Build.0 = Debug|x64
		{264C95F2-1006-45A0-92E3-D069C3B99C20}.Debug|x86.ActiveCfg = Debug|x86
		{264C95F2-1006-45A0-92E3-D069C3B99C20}.Debug|x86.Build.0 = Debug|x86
		{264C95F2-1006-45A0-92E3-D069C3B99C20}.Release|Any CPU.ActiveCfg = Release|Any CPU
		{264C95F2-1006-45A0-92E3-D069C3B99C20}.Release|Any CPU.Build.0 = Release|Any CPU
		{264C95F2-1006-45A0-92E3-D069C3B99C20}.Release|x64.ActiveCfg = Release|Any CPU
		{264C95F2-1006-45A0-92E3-D069C3B99C20}.Release|x64.Build.0 = Release|Any CPU
		{264C95F2-1006-45A0-92E3-D069C3B99C20}.Release|x86.ActiveCfg = Release|Any CPU
		{264C95F2-1006-45A0-92E3-D069C3B99C20}.Release|x86.Build.0 = Release|Any CPU
		{A9ACCC75-C7BF-4DEE-9E60-19FE9F29CDDA}.Debug|Any CPU.ActiveCfg = Debug|Any CPU
		{A9ACCC75-C7BF-4DEE-9E60-19FE9F29CDDA}.Debug|Any CPU.Build.0 = Debug|Any CPU
		{A9ACCC75-C7BF-4DEE-9E60-19FE9F29CDDA}.Debug|x64.ActiveCfg = Debug|x64
		{A9ACCC75-C7BF-4DEE-9E60-19FE9F29CDDA}.Debug|x64.Build.0 = Debug|x64
		{A9ACCC75-C7BF-4DEE-9E60-19FE9F29CDDA}.Debug|x86.ActiveCfg = Debug|x86
		{A9ACCC75-C7BF-4DEE-9E60-19FE9F29CDDA}.Debug|x86.Build.0 = Debug|x86
		{A9ACCC75-C7BF-4DEE-9E60-19FE9F29CDDA}.Release|Any CPU.ActiveCfg = Release|Any CPU
		{A9ACCC75-C7BF-4DEE-9E60-19FE9F29CDDA}.Release|Any CPU.Build.0 = Release|Any CPU
		{A9ACCC75-C7BF-4DEE-9E60-19FE9F29CDDA}.Release|x64.ActiveCfg = Release|Any CPU
		{A9ACCC75-C7BF-4DEE-9E60-19FE9F29CDDA}.Release|x64.Build.0 = Release|Any CPU
		{A9ACCC75-C7BF-4DEE-9E60-19FE9F29CDDA}.Release|x86.ActiveCfg = Release|Any CPU
		{A9ACCC75-C7BF-4DEE-9E60-19FE9F29CDDA}.Release|x86.Build.0 = Release|Any CPU
		{63555F6A-0753-4C1F-88DA-D868796EDAEF}.Debug|Any CPU.ActiveCfg = Debug|Any CPU
		{63555F6A-0753-4C1F-88DA-D868796EDAEF}.Debug|Any CPU.Build.0 = Debug|Any CPU
		{63555F6A-0753-4C1F-88DA-D868796EDAEF}.Debug|x64.ActiveCfg = Debug|x64
		{63555F6A-0753-4C1F-88DA-D868796EDAEF}.Debug|x64.Build.0 = Debug|x64
		{63555F6A-0753-4C1F-88DA-D868796EDAEF}.Debug|x86.ActiveCfg = Debug|x86
		{63555F6A-0753-4C1F-88DA-D868796EDAEF}.Debug|x86.Build.0 = Debug|x86
		{63555F6A-0753-4C1F-88DA-D868796EDAEF}.Release|Any CPU.ActiveCfg = Release|Any CPU
		{63555F6A-0753-4C1F-88DA-D868796EDAEF}.Release|Any CPU.Build.0 = Release|Any CPU
		{63555F6A-0753-4C1F-88DA-D868796EDAEF}.Release|x64.ActiveCfg = Release|Any CPU
		{63555F6A-0753-4C1F-88DA-D868796EDAEF}.Release|x64.Build.0 = Release|Any CPU
		{63555F6A-0753-4C1F-88DA-D868796EDAEF}.Release|x86.ActiveCfg = Release|Any CPU
		{63555F6A-0753-4C1F-88DA-D868796EDAEF}.Release|x86.Build.0 = Release|Any CPU
		{8E828332-DC53-4661-8566-85202BCEB31E}.Debug|Any CPU.ActiveCfg = Debug|Any CPU
		{8E828332-DC53-4661-8566-85202BCEB31E}.Debug|Any CPU.Build.0 = Debug|Any CPU
		{8E828332-DC53-4661-8566-85202BCEB31E}.Debug|x64.ActiveCfg = Debug|x64
		{8E828332-DC53-4661-8566-85202BCEB31E}.Debug|x64.Build.0 = Debug|x64
		{8E828332-DC53-4661-8566-85202BCEB31E}.Debug|x86.ActiveCfg = Debug|x86
		{8E828332-DC53-4661-8566-85202BCEB31E}.Debug|x86.Build.0 = Debug|x86
		{8E828332-DC53-4661-8566-85202BCEB31E}.Release|Any CPU.ActiveCfg = Release|Any CPU
		{8E828332-DC53-4661-8566-85202BCEB31E}.Release|Any CPU.Build.0 = Release|Any CPU
		{8E828332-DC53-4661-8566-85202BCEB31E}.Release|x64.ActiveCfg = Release|Any CPU
		{8E828332-DC53-4661-8566-85202BCEB31E}.Release|x64.Build.0 = Release|Any CPU
		{8E828332-DC53-4661-8566-85202BCEB31E}.Release|x86.ActiveCfg = Release|Any CPU
		{8E828332-DC53-4661-8566-85202BCEB31E}.Release|x86.Build.0 = Release|Any CPU
	EndGlobalSection
	GlobalSection(SolutionProperties) = preSolution
		HideSolutionNode = FALSE
	EndGlobalSection
	GlobalSection(NestedProjects) = preSolution
		{264C95F2-1006-45A0-92E3-D069C3B99C20} = {055F8DB4-0672-4609-A714-495481F55843}
		{A9ACCC75-C7BF-4DEE-9E60-19FE9F29CDDA} = {055F8DB4-0672-4609-A714-495481F55843}
		{8E828332-DC53-4661-8566-85202BCEB31E} = {055F8DB4-0672-4609-A714-495481F55843}
	EndGlobalSection
	GlobalSection(ExtensibilityGlobals) = postSolution
		SolutionGuid = {4FAC7631-EC66-4A65-95A7-3A7D834FABA1}
	EndGlobalSection
	GlobalSection(MonoDevelopProperties) = preSolution
		version = 2.2.0.0
	EndGlobalSection
EndGlobal
