
Microsoft Visual Studio Solution File, Format Version 12.00
# Visual Studio Version 17
VisualStudioVersion = 17.5.002.0
MinimumVisualStudioVersion = 10.0.40219.1
Project("{9A19103F-16F7-4668-BE54-9A1E7A4F7556}") = "ghosts.client.linux", "ghosts.client.linux.csproj", "{66FB3504-9875-4BA5-83F2-78CEA0155E01}"
EndProject
Global
	GlobalSection(SolutionConfigurationPlatforms) = preSolution
		Debug|Any CPU = Debug|Any CPU
		Release|Any CPU = Release|Any CPU
	EndGlobalSection
	GlobalSection(ProjectConfigurationPlatforms) = postSolution
		{66FB3504-9875-4BA5-83F2-78CEA0155E01}.Debug|Any CPU.ActiveCfg = Debug|Any CPU
		{66FB3504-9875-4BA5-83F2-78CEA0155E01}.Debug|Any CPU.Build.0 = Debug|Any CPU
		{66FB3504-9875-4BA5-83F2-78CEA0155E01}.Release|Any CPU.ActiveCfg = Release|Any CPU
		{66FB3504-9875-4BA5-83F2-78CEA0155E01}.Release|Any CPU.Build.0 = Release|Any CPU
	EndGlobalSection
	GlobalSection(SolutionProperties) = preSolution
		HideSolutionNode = FALSE
	EndGlobalSection
	GlobalSection(ExtensibilityGlobals) = postSolution
		SolutionGuid = {7192740E-F04E-41E4-A87F-59351607778F}
	EndGlobalSection
EndGlobal
